
Microsoft Visual Studio Solution File, Format Version 12.00
# Visual Studio Version 17
VisualStudioVersion = 17.4.33213.308
MinimumVisualStudioVersion = 10.0.40219.1
Project("{FAE04EC0-301F-11D3-BF4B-00C04F79EFBC}") = "TaskManagementAPI", "TaskManagementAPI\TaskManagementAPI.csproj", "{4E582C8B-7640-4289-8E86-6D6CB5460D7A}"
EndProject
Global
	GlobalSection(SolutionConfigurationPlatforms) = preSolution
		Debug|Any CPU = Debug|Any CPU
		Release|Any CPU = Release|Any CPU
	EndGlobalSection
	GlobalSection(ProjectConfigurationPlatforms) = postSolution
		{4E582C8B-7640-4289-8E86-6D6CB5460D7A}.Debug|Any CPU.ActiveCfg = Debug|Any CPU
		{4E582C8B-7640-4289-8E86-6D6CB5460D7A}.Debug|Any CPU.Build.0 = Debug|Any CPU
		{4E582C8B-7640-4289-8E86-6D6CB5460D7A}.Release|Any CPU.ActiveCfg = Release|Any CPU
		{4E582C8B-7640-4289-8E86-6D6CB5460D7A}.Release|Any CPU.Build.0 = Release|Any CPU
	EndGlobalSection
	GlobalSection(SolutionProperties) = preSolution
		HideSolutionNode = FALSE
	EndGlobalSection
	GlobalSection(ExtensibilityGlobals) = postSolution
		SolutionGuid = {08E1B275-CB58-41CC-B765-78C617760DD1}
	EndGlobalSection
EndGlobal
